// !$*UTF8*$!
{
	archiveVersion = 1;
	classes = {
	};
	objectVersion = 56;
	objects = {

/* Begin PBXBuildFile section */
		58FB1B9D2989DD0A00483E99 /* AppDelegate.swift in Sources */ = {isa = PBXBuildFile; fileRef = 58FB1B9C2989DD0A00483E99 /* AppDelegate.swift */; };
		58FB1B9F2989DD0A00483E99 /* SceneDelegate.swift in Sources */ = {isa = PBXBuildFile; fileRef = 58FB1B9E2989DD0A00483E99 /* SceneDelegate.swift */; };
		58FB1BA12989DD0A00483E99 /* ViewController.swift in Sources */ = {isa = PBXBuildFile; fileRef = 58FB1BA02989DD0A00483E99 /* ViewController.swift */; };
		58FB1BA42989DD0A00483E99 /* Main.storyboard in Resources */ = {isa = PBXBuildFile; fileRef = 58FB1BA22989DD0A00483E99 /* Main.storyboard */; };
		58FB1BA62989DD0B00483E99 /* Assets.xcassets in Resources */ = {isa = PBXBuildFile; fileRef = 58FB1BA52989DD0B00483E99 /* Assets.xcassets */; };
		58FB1BA92989DD0B00483E99 /* LaunchScreen.storyboard in Resources */ = {isa = PBXBuildFile; fileRef = 58FB1BA72989DD0B00483E99 /* LaunchScreen.storyboard */; };
		58FB1BB42989DD0B00483E99 /* IntroduceSelfTests.swift in Sources */ = {isa = PBXBuildFile; fileRef = 58FB1BB32989DD0B00483E99 /* IntroduceSelfTests.swift */; };
		58FB1BBE2989DD0B00483E99 /* IntroduceSelfUITests.swift in Sources */ = {isa = PBXBuildFile; fileRef = 58FB1BBD2989DD0B00483E99 /* IntroduceSelfUITests.swift */; };
		58FB1BC02989DD0B00483E99 /* IntroduceSelfUITestsLaunchTests.swift in Sources */ = {isa = PBXBuildFile; fileRef = 58FB1BBF2989DD0B00483E99 /* IntroduceSelfUITestsLaunchTests.swift */; };
/* End PBXBuildFile section */

/* Begin PBXContainerItemProxy section */
		58FB1BB02989DD0B00483E99 /* PBXContainerItemProxy */ = {
			isa = PBXContainerItemProxy;
			containerPortal = 58FB1B912989DD0A00483E99 /* Project object */;
			proxyType = 1;
			remoteGlobalIDString = 58FB1B982989DD0A00483E99;
			remoteInfo = IntroduceSelf;
		};
		58FB1BBA2989DD0B00483E99 /* PBXContainerItemProxy */ = {
			isa = PBXContainerItemProxy;
			containerPortal = 58FB1B912989DD0A00483E99 /* Project object */;
			proxyType = 1;
			remoteGlobalIDString = 58FB1B982989DD0A00483E99;
			remoteInfo = IntroduceSelf;
		};
/* End PBXContainerItemProxy section */

/* Begin PBXFileReference section */
		58FB1B992989DD0A00483E99 /* IntroduceSelf.app */ = {isa = PBXFileReference; explicitFileType = wrapper.application; includeInIndex = 0; path = IntroduceSelf.app; sourceTree = BUILT_PRODUCTS_DIR; };
		58FB1B9C2989DD0A00483E99 /* AppDelegate.swift */ = {isa = PBXFileReference; lastKnownFileType = sourcecode.swift; path = AppDelegate.swift; sourceTree = "<group>"; };
		58FB1B9E2989DD0A00483E99 /* SceneDelegate.swift */ = {isa = PBXFileReference; lastKnownFileType = sourcecode.swift; path = SceneDelegate.swift; sourceTree = "<group>"; };
		58FB1BA02989DD0A00483E99 /* ViewController.swift */ = {isa = PBXFileReference; lastKnownFileType = sourcecode.swift; path = ViewController.swift; sourceTree = "<group>"; };
		58FB1BA32989DD0A00483E99 /* Base */ = {isa = PBXFileReference; lastKnownFileType = file.storyboard; name = Base; path = Base.lproj/Main.storyboard; sourceTree = "<group>"; };
		58FB1BA52989DD0B00483E99 /* Assets.xcassets */ = {isa = PBXFileReference; lastKnownFileType = folder.assetcatalog; path = Assets.xcassets; sourceTree = "<group>"; };
		58FB1BA82989DD0B00483E99 /* Base */ = {isa = PBXFileReference; lastKnownFileType = file.storyboard; name = Base; path = Base.lproj/LaunchScreen.storyboard; sourceTree = "<group>"; };
		58FB1BAA2989DD0B00483E99 /* Info.plist */ = {isa = PBXFileReference; lastKnownFileType = text.plist.xml; path = Info.plist; sourceTree = "<group>"; };
		58FB1BAF2989DD0B00483E99 /* IntroduceSelfTests.xctest */ = {isa = PBXFileReference; explicitFileType = wrapper.cfbundle; includeInIndex = 0; path = IntroduceSelfTests.xctest; sourceTree = BUILT_PRODUCTS_DIR; };
		58FB1BB32989DD0B00483E99 /* IntroduceSelfTests.swift */ = {isa = PBXFileReference; lastKnownFileType = sourcecode.swift; path = IntroduceSelfTests.swift; sourceTree = "<group>"; };
		58FB1BB92989DD0B00483E99 /* IntroduceSelfUITests.xctest */ = {isa = PBXFileReference; explicitFileType = wrapper.cfbundle; includeInIndex = 0; path = IntroduceSelfUITests.xctest; sourceTree = BUILT_PRODUCTS_DIR; };
		58FB1BBD2989DD0B00483E99 /* IntroduceSelfUITests.swift */ = {isa = PBXFileReference; lastKnownFileType = sourcecode.swift; path = IntroduceSelfUITests.swift; sourceTree = "<group>"; };
		58FB1BBF2989DD0B00483E99 /* IntroduceSelfUITestsLaunchTests.swift */ = {isa = PBXFileReference; lastKnownFileType = sourcecode.swift; path = IntroduceSelfUITestsLaunchTests.swift; sourceTree = "<group>"; };
/* End PBXFileReference section */

/* Begin PBXFrameworksBuildPhase section */
		58FB1B962989DD0A00483E99 /* Frameworks */ = {
			isa = PBXFrameworksBuildPhase;
			buildActionMask = 2147483647;
			files = (
			);
			runOnlyForDeploymentPostprocessing = 0;
		};
		58FB1BAC2989DD0B00483E99 /* Frameworks */ = {
			isa = PBXFrameworksBuildPhase;
			buildActionMask = 2147483647;
			files = (
			);
			runOnlyForDeploymentPostprocessing = 0;
		};
		58FB1BB62989DD0B00483E99 /* Frameworks */ = {
			isa = PBXFrameworksBuildPhase;
			buildActionMask = 2147483647;
			files = (
			);
			runOnlyForDeploymentPostprocessing = 0;
		};
/* End PBXFrameworksBuildPhase section */

/* Begin PBXGroup section */
		58FB1B902989DD0A00483E99 = {
			isa = PBXGroup;
			children = (
				58FB1B9B2989DD0A00483E99 /* IntroduceSelf */,
				58FB1BB22989DD0B00483E99 /* IntroduceSelfTests */,
				58FB1BBC2989DD0B00483E99 /* IntroduceSelfUITests */,
				58FB1B9A2989DD0A00483E99 /* Products */,
			);
			sourceTree = "<group>";
		};
		58FB1B9A2989DD0A00483E99 /* Products */ = {
			isa = PBXGroup;
			children = (
				58FB1B992989DD0A00483E99 /* IntroduceSelf.app */,
				58FB1BAF2989DD0B00483E99 /* IntroduceSelfTests.xctest */,
				58FB1BB92989DD0B00483E99 /* IntroduceSelfUITests.xctest */,
			);
			name = Products;
			sourceTree = "<group>";
		};
		58FB1B9B2989DD0A00483E99 /* IntroduceSelf */ = {
			isa = PBXGroup;
			children = (
				58FB1B9C2989DD0A00483E99 /* AppDelegate.swift */,
				58FB1B9E2989DD0A00483E99 /* SceneDelegate.swift */,
				58FB1BA02989DD0A00483E99 /* ViewController.swift */,
				58FB1BA22989DD0A00483E99 /* Main.storyboard */,
				58FB1BA52989DD0B00483E99 /* Assets.xcassets */,
				58FB1BA72989DD0B00483E99 /* LaunchScreen.storyboard */,
				58FB1BAA2989DD0B00483E99 /* Info.plist */,
			);
			path = IntroduceSelf;
			sourceTree = "<group>";
		};
		58FB1BB22989DD0B00483E99 /* IntroduceSelfTests */ = {
			isa = PBXGroup;
			children = (
				58FB1BB32989DD0B00483E99 /* IntroduceSelfTests.swift */,
			);
			path = IntroduceSelfTests;
			sourceTree = "<group>";
		};
		58FB1BBC2989DD0B00483E99 /* IntroduceSelfUITests */ = {
			isa = PBXGroup;
			children = (
				58FB1BBD2989DD0B00483E99 /* IntroduceSelfUITests.swift */,
				58FB1BBF2989DD0B00483E99 /* IntroduceSelfUITestsLaunchTests.swift */,
			);
			path = IntroduceSelfUITests;
			sourceTree = "<group>";
		};
/* End PBXGroup section */

/* Begin PBXNativeTarget section */
		58FB1B982989DD0A00483E99 /* IntroduceSelf */ = {
			isa = PBXNativeTarget;
			buildConfigurationList = 58FB1BC32989DD0B00483E99 /* Build configuration list for PBXNativeTarget "IntroduceSelf" */;
			buildPhases = (
				58FB1B952989DD0A00483E99 /* Sources */,
				58FB1B962989DD0A00483E99 /* Frameworks */,
				58FB1B972989DD0A00483E99 /* Resources */,
			);
			buildRules = (
			);
			dependencies = (
			);
			name = IntroduceSelf;
			productName = IntroduceSelf;
			productReference = 58FB1B992989DD0A00483E99 /* IntroduceSelf.app */;
			productType = "com.apple.product-type.application";
		};
		58FB1BAE2989DD0B00483E99 /* IntroduceSelfTests */ = {
			isa = PBXNativeTarget;
			buildConfigurationList = 58FB1BC62989DD0B00483E99 /* Build configuration list for PBXNativeTarget "IntroduceSelfTests" */;
			buildPhases = (
				58FB1BAB2989DD0B00483E99 /* Sources */,
				58FB1BAC2989DD0B00483E99 /* Frameworks */,
				58FB1BAD2989DD0B00483E99 /* Resources */,
			);
			buildRules = (
			);
			dependencies = (
				58FB1BB12989DD0B00483E99 /* PBXTargetDependency */,
			);
			name = IntroduceSelfTests;
			productName = IntroduceSelfTests;
			productReference = 58FB1BAF2989DD0B00483E99 /* IntroduceSelfTests.xctest */;
			productType = "com.apple.product-type.bundle.unit-test";
		};
		58FB1BB82989DD0B00483E99 /* IntroduceSelfUITests */ = {
			isa = PBXNativeTarget;
			buildConfigurationList = 58FB1BC92989DD0B00483E99 /* Build configuration list for PBXNativeTarget "IntroduceSelfUITests" */;
			buildPhases = (
				58FB1BB52989DD0B00483E99 /* Sources */,
				58FB1BB62989DD0B00483E99 /* Frameworks */,
				58FB1BB72989DD0B00483E99 /* Resources */,
			);
			buildRules = (
			);
			dependencies = (
				58FB1BBB2989DD0B00483E99 /* PBXTargetDependency */,
			);
			name = IntroduceSelfUITests;
			productName = IntroduceSelfUITests;
			productReference = 58FB1BB92989DD0B00483E99 /* IntroduceSelfUITests.xctest */;
			productType = "com.apple.product-type.bundle.ui-testing";
		};
/* End PBXNativeTarget section */

/* Begin PBXProject section */
		58FB1B912989DD0A00483E99 /* Project object */ = {
			isa = PBXProject;
			attributes = {
				BuildIndependentTargetsInParallel = 1;
				LastSwiftUpdateCheck = 1420;
				LastUpgradeCheck = 1420;
				TargetAttributes = {
					58FB1B982989DD0A00483E99 = {
						CreatedOnToolsVersion = 14.2;
					};
					58FB1BAE2989DD0B00483E99 = {
						CreatedOnToolsVersion = 14.2;
						TestTargetID = 58FB1B982989DD0A00483E99;
					};
					58FB1BB82989DD0B00483E99 = {
						CreatedOnToolsVersion = 14.2;
						TestTargetID = 58FB1B982989DD0A00483E99;
					};
				};
			};
			buildConfigurationList = 58FB1B942989DD0A00483E99 /* Build configuration list for PBXProject "IntroduceSelf" */;
			compatibilityVersion = "Xcode 14.0";
			developmentRegion = en;
			hasScannedForEncodings = 0;
			knownRegions = (
				en,
				Base,
			);
			mainGroup = 58FB1B902989DD0A00483E99;
			productRefGroup = 58FB1B9A2989DD0A00483E99 /* Products */;
			projectDirPath = "";
			projectRoot = "";
			targets = (
				58FB1B982989DD0A00483E99 /* IntroduceSelf */,
				58FB1BAE2989DD0B00483E99 /* IntroduceSelfTests */,
				58FB1BB82989DD0B00483E99 /* IntroduceSelfUITests */,
			);
		};
/* End PBXProject section */

/* Begin PBXResourcesBuildPhase section */
		58FB1B972989DD0A00483E99 /* Resources */ = {
			isa = PBXResourcesBuildPhase;
			buildActionMask = 2147483647;
			files = (
				58FB1BA92989DD0B00483E99 /* LaunchScreen.storyboard in Resources */,
				58FB1BA62989DD0B00483E99 /* Assets.xcassets in Resources */,
				58FB1BA42989DD0A00483E99 /* Main.storyboard in Resources */,
			);
			runOnlyForDeploymentPostprocessing = 0;
		};
		58FB1BAD2989DD0B00483E99 /* Resources */ = {
			isa = PBXResourcesBuildPhase;
			buildActionMask = 2147483647;
			files = (
			);
			runOnlyForDeploymentPostprocessing = 0;
		};
		58FB1BB72989DD0B00483E99 /* Resources */ = {
			isa = PBXResourcesBuildPhase;
			buildActionMask = 2147483647;
			files = (
			);
			runOnlyForDeploymentPostprocessing = 0;
		};
/* End PBXResourcesBuildPhase section */

/* Begin PBXSourcesBuildPhase section */
		58FB1B952989DD0A00483E99 /* Sources */ = {
			isa = PBXSourcesBuildPhase;
			buildActionMask = 2147483647;
			files = (
				58FB1BA12989DD0A00483E99 /* ViewController.swift in Sources */,
				58FB1B9D2989DD0A00483E99 /* AppDelegate.swift in Sources */,
				58FB1B9F2989DD0A00483E99 /* SceneDelegate.swift in Sources */,
			);
			runOnlyForDeploymentPostprocessing = 0;
		};
		58FB1BAB2989DD0B00483E99 /* Sources */ = {
			isa = PBXSourcesBuildPhase;
			buildActionMask = 2147483647;
			files = (
				58FB1BB42989DD0B00483E99 /* IntroduceSelfTests.swift in Sources */,
			);
			runOnlyForDeploymentPostprocessing = 0;
		};
		58FB1BB52989DD0B00483E99 /* Sources */ = {
			isa = PBXSourcesBuildPhase;
			buildActionMask = 2147483647;
			files = (
				58FB1BC02989DD0B00483E99 /* IntroduceSelfUITestsLaunchTests.swift in Sources */,
				58FB1BBE2989DD0B00483E99 /* IntroduceSelfUITests.swift in Sources */,
			);
			runOnlyForDeploymentPostprocessing = 0;
		};
/* End PBXSourcesBuildPhase section */

/* Begin PBXTargetDependency section */
		58FB1BB12989DD0B00483E99 /* PBXTargetDependency */ = {
			isa = PBXTargetDependency;
			target = 58FB1B982989DD0A00483E99 /* IntroduceSelf */;
			targetProxy = 58FB1BB02989DD0B00483E99 /* PBXContainerItemProxy */;
		};
		58FB1BBB2989DD0B00483E99 /* PBXTargetDependency */ = {
			isa = PBXTargetDependency;
			target = 58FB1B982989DD0A00483E99 /* IntroduceSelf */;
			targetProxy = 58FB1BBA2989DD0B00483E99 /* PBXContainerItemProxy */;
		};
/* End PBXTargetDependency section */

/* Begin PBXVariantGroup section */
		58FB1BA22989DD0A00483E99 /* Main.storyboard */ = {
			isa = PBXVariantGroup;
			children = (
				58FB1BA32989DD0A00483E99 /* Base */,
			);
			name = Main.storyboard;
			sourceTree = "<group>";
		};
		58FB1BA72989DD0B00483E99 /* LaunchScreen.storyboard */ = {
			isa = PBXVariantGroup;
			children = (
				58FB1BA82989DD0B00483E99 /* Base */,
			);
			name = LaunchScreen.storyboard;
			sourceTree = "<group>";
		};
/* End PBXVariantGroup section */

/* Begin XCBuildConfiguration section */
		58FB1BC12989DD0B00483E99 /* Debug */ = {
			isa = XCBuildConfiguration;
			buildSettings = {
				ALWAYS_SEARCH_USER_PATHS = NO;
				CLANG_ANALYZER_NONNULL = YES;
				CLANG_ANALYZER_NUMBER_OBJECT_CONVERSION = YES_AGGRESSIVE;
				CLANG_CXX_LANGUAGE_STANDARD = "gnu++20";
				CLANG_ENABLE_MODULES = YES;
				CLANG_ENABLE_OBJC_ARC = YES;
				CLANG_ENABLE_OBJC_WEAK = YES;
				CLANG_WARN_BLOCK_CAPTURE_AUTORELEASING = YES;
				CLANG_WARN_BOOL_CONVERSION = YES;
				CLANG_WARN_COMMA = YES;
				CLANG_WARN_CONSTANT_CONVERSION = YES;
				CLANG_WARN_DEPRECATED_OBJC_IMPLEMENTATIONS = YES;
				CLANG_WARN_DIRECT_OBJC_ISA_USAGE = YES_ERROR;
				CLANG_WARN_DOCUMENTATION_COMMENTS = YES;
				CLANG_WARN_EMPTY_BODY = YES;
				CLANG_WARN_ENUM_CONVERSION = YES;
				CLANG_WARN_INFINITE_RECURSION = YES;
				CLANG_WARN_INT_CONVERSION = YES;
				CLANG_WARN_NON_LITERAL_NULL_CONVERSION = YES;
				CLANG_WARN_OBJC_IMPLICIT_RETAIN_SELF = YES;
				CLANG_WARN_OBJC_LITERAL_CONVERSION = YES;
				CLANG_WARN_OBJC_ROOT_CLASS = YES_ERROR;
				CLANG_WARN_QUOTED_INCLUDE_IN_FRAMEWORK_HEADER = YES;
				CLANG_WARN_RANGE_LOOP_ANALYSIS = YES;
				CLANG_WARN_STRICT_PROTOTYPES = YES;
				CLANG_WARN_SUSPICIOUS_MOVE = YES;
				CLANG_WARN_UNGUARDED_AVAILABILITY = YES_AGGRESSIVE;
				CLANG_WARN_UNREACHABLE_CODE = YES;
				CLANG_WARN__DUPLICATE_METHOD_MATCH = YES;
				COPY_PHASE_STRIP = NO;
				DEBUG_INFORMATION_FORMAT = dwarf;
				ENABLE_STRICT_OBJC_MSGSEND = YES;
				ENABLE_TESTABILITY = YES;
				GCC_C_LANGUAGE_STANDARD = gnu11;
				GCC_DYNAMIC_NO_PIC = NO;
				GCC_NO_COMMON_BLOCKS = YES;
				GCC_OPTIMIZATION_LEVEL = 0;
				GCC_PREPROCESSOR_DEFINITIONS = (
					"DEBUG=1",
					"$(inherited)",
				);
				GCC_WARN_64_TO_32_BIT_CONVERSION = YES;
				GCC_WARN_ABOUT_RETURN_TYPE = YES_ERROR;
				GCC_WARN_UNDECLARED_SELECTOR = YES;
				GCC_WARN_UNINITIALIZED_AUTOS = YES_AGGRESSIVE;
				GCC_WARN_UNUSED_FUNCTION = YES;
				GCC_WARN_UNUSED_VARIABLE = YES;
				IPHONEOS_DEPLOYMENT_TARGET = 16.2;
				MTL_ENABLE_DEBUG_INFO = INCLUDE_SOURCE;
				MTL_FAST_MATH = YES;
				ONLY_ACTIVE_ARCH = YES;
				SDKROOT = iphoneos;
				SWIFT_ACTIVE_COMPILATION_CONDITIONS = DEBUG;
				SWIFT_OPTIMIZATION_LEVEL = "-Onone";
			};
			name = Debug;
		};
		58FB1BC22989DD0B00483E99 /* Release */ = {
			isa = XCBuildConfiguration;
			buildSettings = {
				ALWAYS_SEARCH_USER_PATHS = NO;
				CLANG_ANALYZER_NONNULL = YES;
				CLANG_ANALYZER_NUMBER_OBJECT_CONVERSION = YES_AGGRESSIVE;
				CLANG_CXX_LANGUAGE_STANDARD = "gnu++20";
				CLANG_ENABLE_MODULES = YES;
				CLANG_ENABLE_OBJC_ARC = YES;
				CLANG_ENABLE_OBJC_WEAK = YES;
				CLANG_WARN_BLOCK_CAPTURE_AUTORELEASING = YES;
				CLANG_WARN_BOOL_CONVERSION = YES;
				CLANG_WARN_COMMA = YES;
				CLANG_WARN_CONSTANT_CONVERSION = YES;
				CLANG_WARN_DEPRECATED_OBJC_IMPLEMENTATIONS = YES;
				CLANG_WARN_DIRECT_OBJC_ISA_USAGE = YES_ERROR;
				CLANG_WARN_DOCUMENTATION_COMMENTS = YES;
				CLANG_WARN_EMPTY_BODY = YES;
				CLANG_WARN_ENUM_CONVERSION = YES;
				CLANG_WARN_INFINITE_RECURSION = YES;
				CLANG_WARN_INT_CONVERSION = YES;
				CLANG_WARN_NON_LITERAL_NULL_CONVERSION = YES;
				CLANG_WARN_OBJC_IMPLICIT_RETAIN_SELF = YES;
				CLANG_WARN_OBJC_LITERAL_CONVERSION = YES;
				CLANG_WARN_OBJC_ROOT_CLASS = YES_ERROR;
				CLANG_WARN_QUOTED_INCLUDE_IN_FRAMEWORK_HEADER = YES;
				CLANG_WARN_RANGE_LOOP_ANALYSIS = YES;
				CLANG_WARN_STRICT_PROTOTYPES = YES;
				CLANG_WARN_SUSPICIOUS_MOVE = YES;
				CLANG_WARN_UNGUARDED_AVAILABILITY = YES_AGGRESSIVE;
				CLANG_WARN_UNREACHABLE_CODE = YES;
				CLANG_WARN__DUPLICATE_METHOD_MATCH = YES;
				COPY_PHASE_STRIP = NO;
				DEBUG_INFORMATION_FORMAT = "dwarf-with-dsym";
				ENABLE_NS_ASSERTIONS = NO;
				ENABLE_STRICT_OBJC_MSGSEND = YES;
				GCC_C_LANGUAGE_STANDARD = gnu11;
				GCC_NO_COMMON_BLOCKS = YES;
				GCC_WARN_64_TO_32_BIT_CONVERSION = YES;
				GCC_WARN_ABOUT_RETURN_TYPE = YES_ERROR;
				GCC_WARN_UNDECLARED_SELECTOR = YES;
				GCC_WARN_UNINITIALIZED_AUTOS = YES_AGGRESSIVE;
				GCC_WARN_UNUSED_FUNCTION = YES;
				GCC_WARN_UNUSED_VARIABLE = YES;
				IPHONEOS_DEPLOYMENT_TARGET = 16.2;
				MTL_ENABLE_DEBUG_INFO = NO;
				MTL_FAST_MATH = YES;
				SDKROOT = iphoneos;
				SWIFT_COMPILATION_MODE = wholemodule;
				SWIFT_OPTIMIZATION_LEVEL = "-O";
				VALIDATE_PRODUCT = YES;
			};
			name = Release;
		};
		58FB1BC42989DD0B00483E99 /* Debug */ = {
			isa = XCBuildConfiguration;
			buildSettings = {
				ASSETCATALOG_COMPILER_APPICON_NAME = AppIcon;
				ASSETCATALOG_COMPILER_GLOBAL_ACCENT_COLOR_NAME = AccentColor;
				CODE_SIGN_STYLE = Automatic;
				CURRENT_PROJECT_VERSION = 1;
				GENERATE_INFOPLIST_FILE = YES;
				INFOPLIST_FILE = IntroduceSelf/Info.plist;
				INFOPLIST_KEY_UIApplicationSupportsIndirectInputEvents = YES;
				INFOPLIST_KEY_UILaunchStoryboardName = LaunchScreen;
				INFOPLIST_KEY_UIMainStoryboardFile = Main;
				INFOPLIST_KEY_UISupportedInterfaceOrientations_iPad = "UIInterfaceOrientationPortrait UIInterfaceOrientationPortraitUpsideDown UIInterfaceOrientationLandscapeLeft UIInterfaceOrientationLandscapeRight";
				INFOPLIST_KEY_UISupportedInterfaceOrientations_iPhone = "UIInterfaceOrientationPortrait UIInterfaceOrientationLandscapeLeft UIInterfaceOrientationLandscapeRight";
				LD_RUNPATH_SEARCH_PATHS = (
					"$(inherited)",
					"@executable_path/Frameworks",
				);
				MARKETING_VERSION = 1.0;
				PRODUCT_BUNDLE_IDENTIFIER = memo.com.IntroduceSelf;
				PRODUCT_NAME = "$(TARGET_NAME)";
				SWIFT_EMIT_LOC_STRINGS = YES;
				SWIFT_VERSION = 5.0;
				TARGETED_DEVICE_FAMILY = "1,2";
			};
			name = Debug;
		};
		58FB1BC52989DD0B00483E99 /* Release */ = {
			isa = XCBuildConfiguration;
			buildSettings = {
				ASSETCATALOG_COMPILER_APPICON_NAME = AppIcon;
				ASSETCATALOG_COMPILER_GLOBAL_ACCENT_COLOR_NAME = AccentColor;
				CODE_SIGN_STYLE = Automatic;
				CURRENT_PROJECT_VERSION = 1;
				GENERATE_INFOPLIST_FILE = YES;
				INFOPLIST_FILE = IntroduceSelf/Info.plist;
				INFOPLIST_KEY_UIApplicationSupportsIndirectInputEvents = YES;
				INFOPLIST_KEY_UILaunchStoryboardName = LaunchScreen;
				INFOPLIST_KEY_UIMainStoryboardFile = Main;
				INFOPLIST_KEY_UISupportedInterfaceOrientations_iPad = "UIInterfaceOrientationPortrait UIInterfaceOrientationPortraitUpsideDown UIInterfaceOrientationLandscapeLeft UIInterfaceOrientationLandscapeRight";
				INFOPLIST_KEY_UISupportedInterfaceOrientations_iPhone = "UIInterfaceOrientationPortrait UIInterfaceOrientationLandscapeLeft UIInterfaceOrientationLandscapeRight";
				LD_RUNPATH_SEARCH_PATHS = (
					"$(inherited)",
					"@executable_path/Frameworks",
				);
				MARKETING_VERSION = 1.0;
				PRODUCT_BUNDLE_IDENTIFIER = memo.com.IntroduceSelf;
				PRODUCT_NAME = "$(TARGET_NAME)";
				SWIFT_EMIT_LOC_STRINGS = YES;
				SWIFT_VERSION = 5.0;
				TARGETED_DEVICE_FAMILY = "1,2";
			};
			name = Release;
		};
		58FB1BC72989DD0B00483E99 /* Debug */ = {
			isa = XCBuildConfiguration;
			buildSettings = {
				ALWAYS_EMBED_SWIFT_STANDARD_LIBRARIES = YES;
				BUNDLE_LOADER = "$(TEST_HOST)";
				CODE_SIGN_STYLE = Automatic;
				CURRENT_PROJECT_VERSION = 1;
				GENERATE_INFOPLIST_FILE = YES;
				IPHONEOS_DEPLOYMENT_TARGET = 16.2;
				MARKETING_VERSION = 1.0;
				PRODUCT_BUNDLE_IDENTIFIER = memo.com.IntroduceSelfTests;
				PRODUCT_NAME = "$(TARGET_NAME)";
				SWIFT_EMIT_LOC_STRINGS = NO;
				SWIFT_VERSION = 5.0;
				TARGETED_DEVICE_FAMILY = "1,2";
				TEST_HOST = "$(BUILT_PRODUCTS_DIR)/IntroduceSelf.app/$(BUNDLE_EXECUTABLE_FOLDER_PATH)/IntroduceSelf";
			};
			name = Debug;
		};
		58FB1BC82989DD0B00483E99 /* Release */ = {
			isa = XCBuildConfiguration;
			buildSettings = {
				ALWAYS_EMBED_SWIFT_STANDARD_LIBRARIES = YES;
				BUNDLE_LOADER = "$(TEST_HOST)";
				CODE_SIGN_STYLE = Automatic;
				CURRENT_PROJECT_VERSION = 1;
				GENERATE_INFOPLIST_FILE = YES;
				IPHONEOS_DEPLOYMENT_TARGET = 16.2;
				MARKETING_VERSION = 1.0;
				PRODUCT_BUNDLE_IDENTIFIER = memo.com.IntroduceSelfTests;
				PRODUCT_NAME = "$(TARGET_NAME)";
				SWIFT_EMIT_LOC_STRINGS = NO;
				SWIFT_VERSION = 5.0;
				TARGETED_DEVICE_FAMILY = "1,2";
				TEST_HOST = "$(BUILT_PRODUCTS_DIR)/IntroduceSelf.app/$(BUNDLE_EXECUTABLE_FOLDER_PATH)/IntroduceSelf";
			};
			name = Release;
		};
		58FB1BCA2989DD0B00483E99 /* Debug */ = {
			isa = XCBuildConfiguration;
			buildSettings = {
				ALWAYS_EMBED_SWIFT_STANDARD_LIBRARIES = YES;
				CODE_SIGN_STYLE = Automatic;
				CURRENT_PROJECT_VERSION = 1;
				GENERATE_INFOPLIST_FILE = YES;
				MARKETING_VERSION = 1.0;
				PRODUCT_BUNDLE_IDENTIFIER = memo.com.IntroduceSelfUITests;
				PRODUCT_NAME = "$(TARGET_NAME)";
				SWIFT_EMIT_LOC_STRINGS = NO;
				SWIFT_VERSION = 5.0;
				TARGETED_DEVICE_FAMILY = "1,2";
				TEST_TARGET_NAME = IntroduceSelf;
			};
			name = Debug;
		};
		58FB1BCB2989DD0B00483E99 /* Release */ = {
			isa = XCBuildConfiguration;
			buildSettings = {
				ALWAYS_EMBED_SWIFT_STANDARD_LIBRARIES = YES;
				CODE_SIGN_STYLE = Automatic;
				CURRENT_PROJECT_VERSION = 1;
				GENERATE_INFOPLIST_FILE = YES;
				MARKETING_VERSION = 1.0;
				PRODUCT_BUNDLE_IDENTIFIER = memo.com.IntroduceSelfUITests;
				PRODUCT_NAME = "$(TARGET_NAME)";
				SWIFT_EMIT_LOC_STRINGS = NO;
				SWIFT_VERSION = 5.0;
				TARGETED_DEVICE_FAMILY = "1,2";
				TEST_TARGET_NAME = IntroduceSelf;
			};
			name = Release;
		};
/* End XCBuildConfiguration section */

/* Begin XCConfigurationList section */
		58FB1B942989DD0A00483E99 /* Build configuration list for PBXProject "IntroduceSelf" */ = {
			isa = XCConfigurationList;
			buildConfigurations = (
				58FB1BC12989DD0B00483E99 /* Debug */,
				58FB1BC22989DD0B00483E99 /* Release */,
			);
			defaultConfigurationIsVisible = 0;
			defaultConfigurationName = Release;
		};
		58FB1BC32989DD0B00483E99 /* Build configuration list for PBXNativeTarget "IntroduceSelf" */ = {
			isa = XCConfigurationList;
			buildConfigurations = (
				58FB1BC42989DD0B00483E99 /* Debug */,
				58FB1BC52989DD0B00483E99 /* Release */,
			);
			defaultConfigurationIsVisible = 0;
			defaultConfigurationName = Release;
		};
		58FB1BC62989DD0B00483E99 /* Build configuration list for PBXNativeTarget "IntroduceSelfTests" */ = {
			isa = XCConfigurationList;
			buildConfigurations = (
				58FB1BC72989DD0B00483E99 /* Debug */,
				58FB1BC82989DD0B00483E99 /* Release */,
			);
			defaultConfigurationIsVisible = 0;
			defaultConfigurationName = Release;
		};
		58FB1BC92989DD0B00483E99 /* Build configuration list for PBXNativeTarget "IntroduceSelfUITests" */ = {
			isa = XCConfigurationList;
			buildConfigurations = (
				58FB1BCA2989DD0B00483E99 /* Debug */,
				58FB1BCB2989DD0B00483E99 /* Release */,
			);
			defaultConfigurationIsVisible = 0;
			defaultConfigurationName = Release;
		};
/* End XCConfigurationList section */
	};
	rootObject = 58FB1B912989DD0A00483E99 /* Project object */;
}
